
Microsoft Visual Studio Solution File, Format Version 12.00
Project("{FAE04EC0-301F-11D3-BF4B-00C04F79EFBC}") = "MyCalculator", "MyCalculator.csproj", "{B62D97C0-8CFD-445C-A1B6-D078DCF7406E}"
EndProject
Global
	GlobalSection(SolutionConfigurationPlatforms) = preSolution
		Debug|Any CPU = Debug|Any CPU
		Release|Any CPU = Release|Any CPU
	EndGlobalSection
	GlobalSection(ProjectConfigurationPlatforms) = postSolution
		{B62D97C0-8CFD-445C-A1B6-D078DCF7406E}.Debug|Any CPU.ActiveCfg = Debug|Any CPU
		{B62D97C0-8CFD-445C-A1B6-D078DCF7406E}.Debug|Any CPU.Build.0 = Debug|Any CPU
		{B62D97C0-8CFD-445C-A1B6-D078DCF7406E}.Release|Any CPU.ActiveCfg = Release|Any CPU
		{B62D97C0-8CFD-445C-A1B6-D078DCF7406E}.Release|Any CPU.Build.0 = Release|Any CPU
	EndGlobalSection
EndGlobal
